
Microsoft Visual Studio Solution File, Format Version 12.00
# Visual Studio Version 16
VisualStudioVersion = 16.0.31105.61
MinimumVisualStudioVersion = 10.0.40219.1
Project("{9A19103F-16F7-4668-BE54-9A1E7A4F7556}") = "OMS", "OMS.csproj", "{D176C0C0-3EC6-4698-9A61-DE07C50AAA47}"
EndProject
Project("{FAE04EC0-301F-11D3-BF4B-00C04F79EFBC}") = "OMS.DataAccess", "..\OMS.DataAccess\OMS.DataAccess.csproj", "{02B6CAE9-D9DF-484E-A9EE-BC523EFB9D8E}"
EndProject
Project("{FAE04EC0-301F-11D3-BF4B-00C04F79EFBC}") = "OMS.Models", "..\OMS.Models\OMS.Models.csproj", "{C54B0A19-1185-49CF-806C-A3114A6526D6}"
EndProject
Global
	GlobalSection(SolutionConfigurationPlatforms) = preSolution
		Debug|Any CPU = Debug|Any CPU
		Release|Any CPU = Release|Any CPU
	EndGlobalSection
	GlobalSection(ProjectConfigurationPlatforms) = postSolution
		{D176C0C0-3EC6-4698-9A61-DE07C50AAA47}.Debug|Any CPU.ActiveCfg = Debug|Any CPU
		{D176C0C0-3EC6-4698-9A61-DE07C50AAA47}.Debug|Any CPU.Build.0 = Debug|Any CPU
		{D176C0C0-3EC6-4698-9A61-DE07C50AAA47}.Release|Any CPU.ActiveCfg = Release|Any CPU
		{D176C0C0-3EC6-4698-9A61-DE07C50AAA47}.Release|Any CPU.Build.0 = Release|Any CPU
		{02B6CAE9-D9DF-484E-A9EE-BC523EFB9D8E}.Debug|Any CPU.ActiveCfg = Debug|Any CPU
		{02B6CAE9-D9DF-484E-A9EE-BC523EFB9D8E}.Debug|Any CPU.Build.0 = Debug|Any CPU
		{02B6CAE9-D9DF-484E-A9EE-BC523EFB9D8E}.Release|Any CPU.ActiveCfg = Release|Any CPU
		{02B6CAE9-D9DF-484E-A9EE-BC523EFB9D8E}.Release|Any CPU.Build.0 = Release|Any CPU
		{C54B0A19-1185-49CF-806C-A3114A6526D6}.Debug|Any CPU.ActiveCfg = Debug|Any CPU
		{C54B0A19-1185-49CF-806C-A3114A6526D6}.Debug|Any CPU.Build.0 = Debug|Any CPU
		{C54B0A19-1185-49CF-806C-A3114A6526D6}.Release|Any CPU.ActiveCfg = Release|Any CPU
		{C54B0A19-1185-49CF-806C-A3114A6526D6}.Release|Any CPU.Build.0 = Release|Any CPU
	EndGlobalSection
	GlobalSection(SolutionProperties) = preSolution
		HideSolutionNode = FALSE
	EndGlobalSection
	GlobalSection(ExtensibilityGlobals) = postSolution
		SolutionGuid = {7C03ABF5-B17F-47E1-A031-9186DF86D904}
	EndGlobalSection
EndGlobal
